
Microsoft Visual Studio Solution File, Format Version 12.00
# Visual Studio Version 17
VisualStudioVersion = 17.8.34408.163
MinimumVisualStudioVersion = 10.0.40219.1
Project("{FAE04EC0-301F-11D3-BF4B-00C04F79EFBC}") = "опрлаб1(8) задание2", "опрлаб1(8) задание2\опрлаб1(8) задание2.csproj", "{71872E2A-BA1F-4696-B6F0-E55549A7AF69}"
EndProject
Global
	GlobalSection(SolutionConfigurationPlatforms) = preSolution
		Debug|Any CPU = Debug|Any CPU
		Release|Any CPU = Release|Any CPU
	EndGlobalSection
	GlobalSection(ProjectConfigurationPlatforms) = postSolution
		{71872E2A-BA1F-4696-B6F0-E55549A7AF69}.Debug|Any CPU.ActiveCfg = Debug|Any CPU
		{71872E2A-BA1F-4696-B6F0-E55549A7AF69}.Debug|Any CPU.Build.0 = Debug|Any CPU
		{71872E2A-BA1F-4696-B6F0-E55549A7AF69}.Release|Any CPU.ActiveCfg = Release|Any CPU
		{71872E2A-BA1F-4696-B6F0-E55549A7AF69}.Release|Any CPU.Build.0 = Release|Any CPU
	EndGlobalSection
	GlobalSection(SolutionProperties) = preSolution
		HideSolutionNode = FALSE
	EndGlobalSection
	GlobalSection(ExtensibilityGlobals) = postSolution
		SolutionGuid = {E2FEED76-E1BA-4B89-9D04-6034DC7E98FB}
	EndGlobalSection
EndGlobal
